<?xml version="1.0" encoding="utf-8"?>
<Project xmlns="http://schemas.microsoft.com/developer/msbuild/2003">
  <ItemGroup>
    <Filter Include="Generated Files">
      <UniqueIdentifier>{71ED8ED8-ACB9-4CE9-BBE1-E00B30144E11}</UniqueIdentifier>
      <Extensions>cpp;c;cxx;moc;h;def;odl;idl;res;</Extensions>
    </Filter>
    <Filter Include="Generated Files">
      <UniqueIdentifier>{71ED8ED8-ACB9-4CE9-BBE1-E00B30144E11}</UniqueIdentifier>
      <Extensions>cpp;c;cxx;moc;h;def;odl;idl;res;</Extensions>
    </Filter>
    <Filter Include="Header Files">
      <UniqueIdentifier>{93995380-89BD-4b04-88EB-625FBE52EBFB}</UniqueIdentifier>
      <Extensions>h;hpp;hxx;hm;inl;inc;xsd</Extensions>
    </Filter>
    <Filter Include="Header Files">
      <UniqueIdentifier>{93995380-89BD-4b04-88EB-625FBE52EBFB}</UniqueIdentifier>
      <Extensions>h;hpp;hxx;hm;inl;inc;xsd</Extensions>
    </Filter>
    <Filter Include="Resource Files">
      <UniqueIdentifier>{D9D6E242-F8AF-46E4-B9FD-80ECBC20BA3E}</UniqueIdentifier>
      <Extensions>qrc;*</Extensions>
      <ParseFiles>false</ParseFiles>
    </Filter>
    <Filter Include="Resource Files">
      <UniqueIdentifier>{D9D6E242-F8AF-46E4-B9FD-80ECBC20BA3E}</UniqueIdentifier>
      <Extensions>qrc;*</Extensions>
      <ParseFiles>false</ParseFiles>
    </Filter>
    <Filter Include="Source Files">
      <UniqueIdentifier>{4FC737F1-C7A5-4376-A066-2A32D752A2FF}</UniqueIdentifier>
      <Extensions>cpp;c;cxx;def;odl;idl;hpj;bat;asm;asmx</Extensions>
    </Filter>
    <Filter Include="Source Files">
      <UniqueIdentifier>{4FC737F1-C7A5-4376-A066-2A32D752A2FF}</UniqueIdentifier>
      <Extensions>cpp;c;cxx;def;odl;idl;hpj;bat;asm;asmx</Extensions>
    </Filter>
  </ItemGroup>
  <ItemGroup>
    <ClCompile Include="main.cpp">
      <Filter>Source Files</Filter>
    </ClCompile>
    <ClCompile Include="mainwindow.cpp">
      <Filter>Source Files</Filter>
    </ClCompile>
    <ClCompile Include="codeeditor.cpp">
      <Filter>Source Files</Filter>
    </ClCompile>
    <ClCompile Include="compiler\AstNode.cpp">
      <Filter>Source Files</Filter>
    </ClCompile>
    <ClCompile Include="compiler\ErrorMessage.cpp">
      <Filter>Source Files</Filter>
    </ClCompile>
    <ClCompile Include="compiler\grammar.cpp">
      <Filter>Source Files</Filter>
    </ClCompile>
    <ClCompile Include="compiler\grammarDefinition.cpp">
      <Filter>Source Files</Filter>
    </ClCompile>
    <ClCompile Include="compiler\lexer.cpp">
      <Filter>Source Files</Filter>
    </ClCompile>
    <ClCompile Include="compiler\parser.cpp">
      <Filter>Source Files</Filter>
    </ClCompile>
    <ClCompile Include="compiler\pch.cpp">
      <Filter>Source Files</Filter>
    </ClCompile>
    <ClCompile Include="compiler\position.cpp">
      <Filter>Source Files</Filter>
    </ClCompile>
    <ClCompile Include="compiler\symbolTable.cpp">
      <Filter>Source Files</Filter>
    </ClCompile>
    <ClCompile Include="compiler\token.cpp">
      <Filter>Source Files</Filter>
    </ClCompile>
  </ItemGroup>
  <ItemGroup>
    <QtMoc Include="codeeditor.h">
      <Filter>Header Files</Filter>
    </QtMoc>
    <QtMoc Include="mainwindow.h">
      <Filter>Header Files</Filter>
    </QtMoc>
  </ItemGroup>
  <ItemGroup>
    <CustomBuild Include="debug\moc_predefs.h.cbt">
      <Filter>Generated Files</Filter>
    </CustomBuild>
    <CustomBuild Include="release\moc_predefs.h.cbt">
      <Filter>Generated Files</Filter>
    </CustomBuild>
  </ItemGroup>
  <ItemGroup>
    <QtRcc Include="application.qrc">
      <Filter>Resource Files</Filter>
    </QtRcc>
    <None Include="images\copy.png">
      <Filter>Resource Files</Filter>
    </None>
    <None Include="images\cut.png">
      <Filter>Resource Files</Filter>
    </None>
    <None Include="images\new.png">
      <Filter>Resource Files</Filter>
    </None>
    <None Include="images\open.png">
      <Filter>Resource Files</Filter>
    </None>
    <None Include="images\paste.png">
      <Filter>Resource Files</Filter>
    </None>
    <None Include="images\save.png">
      <Filter>Resource Files</Filter>
    </None>
  </ItemGroup>
  <ItemGroup>
    <ClInclude Include="compiler\AstNode.h">
      <Filter>Header Files</Filter>
    </ClInclude>
    <ClInclude Include="compiler\ErrorMessage.h">
      <Filter>Header Files</Filter>
    </ClInclude>
    <ClInclude Include="compiler\grammar.h">
      <Filter>Header Files</Filter>
    </ClInclude>
    <ClInclude Include="compiler\grammarDefinition.h">
      <Filter>Header Files</Filter>
    </ClInclude>
    <ClInclude Include="compiler\lexer.h">
      <Filter>Header Files</Filter>
    </ClInclude>
    <ClInclude Include="compiler\parser.h">
      <Filter>Header Files</Filter>
    </ClInclude>
    <ClInclude Include="compiler\pch.h">
      <Filter>Header Files</Filter>
    </ClInclude>
    <ClInclude Include="compiler\position.h">
      <Filter>Header Files</Filter>
    </ClInclude>
    <ClInclude Include="compiler\symbolTable.h">
      <Filter>Header Files</Filter>
    </ClInclude>
    <ClInclude Include="compiler\token.h">
      <Filter>Header Files</Filter>
    </ClInclude>
  </ItemGroup>
</Project>